
Microsoft Visual Studio Solution File, Format Version 12.00
# Visual Studio 15
VisualStudioVersion = 15.0.28010.2046
MinimumVisualStudioVersion = 10.0.40219.1
Project("{FAE04EC0-301F-11D3-BF4B-00C04F79EFBC}") = "HWK8", "HWK8\HWK8.csproj", "{4BD79DB1-F5CB-4C60-AA4C-76CD61E0BB97}"
EndProject
Global
	GlobalSection(SolutionConfigurationPlatforms) = preSolution
		Debug|Any CPU = Debug|Any CPU
		Release|Any CPU = Release|Any CPU
	EndGlobalSection
	GlobalSection(ProjectConfigurationPlatforms) = postSolution
		{4BD79DB1-F5CB-4C60-AA4C-76CD61E0BB97}.Debug|Any CPU.ActiveCfg = Debug|Any CPU
		{4BD79DB1-F5CB-4C60-AA4C-76CD61E0BB97}.Debug|Any CPU.Build.0 = Debug|Any CPU
		{4BD79DB1-F5CB-4C60-AA4C-76CD61E0BB97}.Release|Any CPU.ActiveCfg = Release|Any CPU
		{4BD79DB1-F5CB-4C60-AA4C-76CD61E0BB97}.Release|Any CPU.Build.0 = Release|Any CPU
	EndGlobalSection
	GlobalSection(SolutionProperties) = preSolution
		HideSolutionNode = FALSE
	EndGlobalSection
	GlobalSection(ExtensibilityGlobals) = postSolution
		SolutionGuid = {603D655A-15CD-4381-A066-6F64A0ACEABB}
	EndGlobalSection
EndGlobal
